
Microsoft Visual Studio Solution File, Format Version 12.00
# Visual Studio 15
Project("{FAE04EC0-301F-11D3-BF4B-00C04F79EFBC}") = "Whack A Mole2", "Assembly-CSharp.csproj", "{0683C5E5-4D82-D843-B0CB-F4B3649C4EBD}"
EndProject
Global
	GlobalSection(SolutionConfigurationPlatforms) = preSolution
		Debug|Any CPU = Debug|Any CPU
		Release|Any CPU = Release|Any CPU
	EndGlobalSection
	GlobalSection(ProjectConfigurationPlatforms) = postSolution
		{0683C5E5-4D82-D843-B0CB-F4B3649C4EBD}.Debug|Any CPU.ActiveCfg = Debug|Any CPU
		{0683C5E5-4D82-D843-B0CB-F4B3649C4EBD}.Debug|Any CPU.Build.0 = Debug|Any CPU
		{0683C5E5-4D82-D843-B0CB-F4B3649C4EBD}.Release|Any CPU.ActiveCfg = Release|Any CPU
		{0683C5E5-4D82-D843-B0CB-F4B3649C4EBD}.Release|Any CPU.Build.0 = Release|Any CPU
	EndGlobalSection
	GlobalSection(SolutionProperties) = preSolution
		HideSolutionNode = FALSE
	EndGlobalSection
EndGlobal
